
Microsoft Visual Studio Solution File, Format Version 12.00
# Visual Studio 14
VisualStudioVersion = 14.0.25420.1
MinimumVisualStudioVersion = 10.0.40219.1
Project("{FAE04EC0-301F-11D3-BF4B-00C04F79EFBC}") = "SDV701 assignment 2", "SDV701 assignment 2\SDV701 assignment 2.csproj", "{58D5F8D2-3FBD-438D-8445-C121F2A8B104}"
EndProject
Project("{FAE04EC0-301F-11D3-BF4B-00C04F79EFBC}") = "SDV701 travel item UWP", "SDV701 travel item UWP\SDV701 travel item UWP.csproj", "{884CBFBF-39C0-4CD3-9BDF-C82F5AF6354B}"
EndProject
Project("{FAE04EC0-301F-11D3-BF4B-00C04F79EFBC}") = "TravelBusinessWinForm", "TravelBusinessWinForm\TravelBusinessWinForm.csproj", "{017AA210-28DD-4D04-81A8-C5DABF4FBE6E}"
EndProject
Project("{2150E333-8FDC-42A3-9474-1A3956D46DE8}") = "TravelItemAppConsole", "TravelItemAppConsole", "{A75D1498-B2B4-45FB-B521-A85C12F35D32}"
EndProject
Project("{FAE04EC0-301F-11D3-BF4B-00C04F79EFBC}") = "TravelItemAppSelfHost", "TravelItemAppSelfHost\TravelItemAppSelfHost.csproj", "{26EB14B4-B91A-42D3-812D-8169C46970F8}"
EndProject
Global
	GlobalSection(SolutionConfigurationPlatforms) = preSolution
		Debug|Any CPU = Debug|Any CPU
		Debug|ARM = Debug|ARM
		Debug|x64 = Debug|x64
		Debug|x86 = Debug|x86
		Release|Any CPU = Release|Any CPU
		Release|ARM = Release|ARM
		Release|x64 = Release|x64
		Release|x86 = Release|x86
	EndGlobalSection
	GlobalSection(ProjectConfigurationPlatforms) = postSolution
		{58D5F8D2-3FBD-438D-8445-C121F2A8B104}.Debug|Any CPU.ActiveCfg = Debug|Any CPU
		{58D5F8D2-3FBD-438D-8445-C121F2A8B104}.Debug|Any CPU.Build.0 = Debug|Any CPU
		{58D5F8D2-3FBD-438D-8445-C121F2A8B104}.Debug|ARM.ActiveCfg = Debug|Any CPU
		{58D5F8D2-3FBD-438D-8445-C121F2A8B104}.Debug|ARM.Build.0 = Debug|Any CPU
		{58D5F8D2-3FBD-438D-8445-C121F2A8B104}.Debug|x64.ActiveCfg = Debug|Any CPU
		{58D5F8D2-3FBD-438D-8445-C121F2A8B104}.Debug|x64.Build.0 = Debug|Any CPU
		{58D5F8D2-3FBD-438D-8445-C121F2A8B104}.Debug|x86.ActiveCfg = Debug|Any CPU
		{58D5F8D2-3FBD-438D-8445-C121F2A8B104}.Debug|x86.Build.0 = Debug|Any CPU
		{58D5F8D2-3FBD-438D-8445-C121F2A8B104}.Release|Any CPU.ActiveCfg = Release|Any CPU
		{58D5F8D2-3FBD-438D-8445-C121F2A8B104}.Release|Any CPU.Build.0 = Release|Any CPU
		{58D5F8D2-3FBD-438D-8445-C121F2A8B104}.Release|ARM.ActiveCfg = Release|Any CPU
		{58D5F8D2-3FBD-438D-8445-C121F2A8B104}.Release|ARM.Build.0 = Release|Any CPU
		{58D5F8D2-3FBD-438D-8445-C121F2A8B104}.Release|x64.ActiveCfg = Release|Any CPU
		{58D5F8D2-3FBD-438D-8445-C121F2A8B104}.Release|x64.Build.0 = Release|Any CPU
		{58D5F8D2-3FBD-438D-8445-C121F2A8B104}.Release|x86.ActiveCfg = Release|Any CPU
		{58D5F8D2-3FBD-438D-8445-C121F2A8B104}.Release|x86.Build.0 = Release|Any CPU
		{884CBFBF-39C0-4CD3-9BDF-C82F5AF6354B}.Debug|Any CPU.ActiveCfg = Debug|x86
		{884CBFBF-39C0-4CD3-9BDF-C82F5AF6354B}.Debug|ARM.ActiveCfg = Debug|ARM
		{884CBFBF-39C0-4CD3-9BDF-C82F5AF6354B}.Debug|ARM.Build.0 = Debug|ARM
		{884CBFBF-39C0-4CD3-9BDF-C82F5AF6354B}.Debug|ARM.Deploy.0 = Debug|ARM
		{884CBFBF-39C0-4CD3-9BDF-C82F5AF6354B}.Debug|x64.ActiveCfg = Debug|x64
		{884CBFBF-39C0-4CD3-9BDF-C82F5AF6354B}.Debug|x64.Build.0 = Debug|x64
		{884CBFBF-39C0-4CD3-9BDF-C82F5AF6354B}.Debug|x64.Deploy.0 = Debug|x64
		{884CBFBF-39C0-4CD3-9BDF-C82F5AF6354B}.Debug|x86.ActiveCfg = Debug|x86
		{884CBFBF-39C0-4CD3-9BDF-C82F5AF6354B}.Debug|x86.Build.0 = Debug|x86
		{884CBFBF-39C0-4CD3-9BDF-C82F5AF6354B}.Debug|x86.Deploy.0 = Debug|x86
		{884CBFBF-39C0-4CD3-9BDF-C82F5AF6354B}.Release|Any CPU.ActiveCfg = Release|x86
		{884CBFBF-39C0-4CD3-9BDF-C82F5AF6354B}.Release|ARM.ActiveCfg = Release|ARM
		{884CBFBF-39C0-4CD3-9BDF-C82F5AF6354B}.Release|ARM.Build.0 = Release|ARM
		{884CBFBF-39C0-4CD3-9BDF-C82F5AF6354B}.Release|ARM.Deploy.0 = Release|ARM
		{884CBFBF-39C0-4CD3-9BDF-C82F5AF6354B}.Release|x64.ActiveCfg = Release|x64
		{884CBFBF-39C0-4CD3-9BDF-C82F5AF6354B}.Release|x64.Build.0 = Release|x64
		{884CBFBF-39C0-4CD3-9BDF-C82F5AF6354B}.Release|x64.Deploy.0 = Release|x64
		{884CBFBF-39C0-4CD3-9BDF-C82F5AF6354B}.Release|x86.ActiveCfg = Release|x86
		{884CBFBF-39C0-4CD3-9BDF-C82F5AF6354B}.Release|x86.Build.0 = Release|x86
		{884CBFBF-39C0-4CD3-9BDF-C82F5AF6354B}.Release|x86.Deploy.0 = Release|x86
		{017AA210-28DD-4D04-81A8-C5DABF4FBE6E}.Debug|Any CPU.ActiveCfg = Debug|Any CPU
		{017AA210-28DD-4D04-81A8-C5DABF4FBE6E}.Debug|Any CPU.Build.0 = Debug|Any CPU
		{017AA210-28DD-4D04-81A8-C5DABF4FBE6E}.Debug|ARM.ActiveCfg = Debug|Any CPU
		{017AA210-28DD-4D04-81A8-C5DABF4FBE6E}.Debug|ARM.Build.0 = Debug|Any CPU
		{017AA210-28DD-4D04-81A8-C5DABF4FBE6E}.Debug|x64.ActiveCfg = Debug|Any CPU
		{017AA210-28DD-4D04-81A8-C5DABF4FBE6E}.Debug|x64.Build.0 = Debug|Any CPU
		{017AA210-28DD-4D04-81A8-C5DABF4FBE6E}.Debug|x86.ActiveCfg = Debug|Any CPU
		{017AA210-28DD-4D04-81A8-C5DABF4FBE6E}.Debug|x86.Build.0 = Debug|Any CPU
		{017AA210-28DD-4D04-81A8-C5DABF4FBE6E}.Release|Any CPU.ActiveCfg = Release|Any CPU
		{017AA210-28DD-4D04-81A8-C5DABF4FBE6E}.Release|Any CPU.Build.0 = Release|Any CPU
		{017AA210-28DD-4D04-81A8-C5DABF4FBE6E}.Release|ARM.ActiveCfg = Release|Any CPU
		{017AA210-28DD-4D04-81A8-C5DABF4FBE6E}.Release|ARM.Build.0 = Release|Any CPU
		{017AA210-28DD-4D04-81A8-C5DABF4FBE6E}.Release|x64.ActiveCfg = Release|Any CPU
		{017AA210-28DD-4D04-81A8-C5DABF4FBE6E}.Release|x64.Build.0 = Release|Any CPU
		{017AA210-28DD-4D04-81A8-C5DABF4FBE6E}.Release|x86.ActiveCfg = Release|Any CPU
		{017AA210-28DD-4D04-81A8-C5DABF4FBE6E}.Release|x86.Build.0 = Release|Any CPU
		{26EB14B4-B91A-42D3-812D-8169C46970F8}.Debug|Any CPU.ActiveCfg = Debug|Any CPU
		{26EB14B4-B91A-42D3-812D-8169C46970F8}.Debug|Any CPU.Build.0 = Debug|Any CPU
		{26EB14B4-B91A-42D3-812D-8169C46970F8}.Debug|ARM.ActiveCfg = Debug|Any CPU
		{26EB14B4-B91A-42D3-812D-8169C46970F8}.Debug|ARM.Build.0 = Debug|Any CPU
		{26EB14B4-B91A-42D3-812D-8169C46970F8}.Debug|x64.ActiveCfg = Debug|Any CPU
		{26EB14B4-B91A-42D3-812D-8169C46970F8}.Debug|x64.Build.0 = Debug|Any CPU
		{26EB14B4-B91A-42D3-812D-8169C46970F8}.Debug|x86.ActiveCfg = Debug|Any CPU
		{26EB14B4-B91A-42D3-812D-8169C46970F8}.Debug|x86.Build.0 = Debug|Any CPU
		{26EB14B4-B91A-42D3-812D-8169C46970F8}.Release|Any CPU.ActiveCfg = Release|Any CPU
		{26EB14B4-B91A-42D3-812D-8169C46970F8}.Release|Any CPU.Build.0 = Release|Any CPU
		{26EB14B4-B91A-42D3-812D-8169C46970F8}.Release|ARM.ActiveCfg = Release|Any CPU
		{26EB14B4-B91A-42D3-812D-8169C46970F8}.Release|ARM.Build.0 = Release|Any CPU
		{26EB14B4-B91A-42D3-812D-8169C46970F8}.Release|x64.ActiveCfg = Release|Any CPU
		{26EB14B4-B91A-42D3-812D-8169C46970F8}.Release|x64.Build.0 = Release|Any CPU
		{26EB14B4-B91A-42D3-812D-8169C46970F8}.Release|x86.ActiveCfg = Release|Any CPU
		{26EB14B4-B91A-42D3-812D-8169C46970F8}.Release|x86.Build.0 = Release|Any CPU
	EndGlobalSection
	GlobalSection(SolutionProperties) = preSolution
		HideSolutionNode = FALSE
	EndGlobalSection
	GlobalSection(NestedProjects) = preSolution
		{26EB14B4-B91A-42D3-812D-8169C46970F8} = {A75D1498-B2B4-45FB-B521-A85C12F35D32}
	EndGlobalSection
EndGlobal
